// !$*UTF8*$!
{
	archiveVersion = 1;
	classes = {
	};
	objectVersion = 46;
	objects = {

/* Begin PBXBuildFile section */
		15E48E5B1EFB73C100A7DDBF /* AppDelegate.swift in Sources */ = {isa = PBXBuildFile; fileRef = 15E48E5A1EFB73C100A7DDBF /* AppDelegate.swift */; };
		15E48E5D1EFB73C100A7DDBF /* ViewController.swift in Sources */ = {isa = PBXBuildFile; fileRef = 15E48E5C1EFB73C100A7DDBF /* ViewController.swift */; };
		15E48E601EFB73C100A7DDBF /* Main.storyboard in Resources */ = {isa = PBXBuildFile; fileRef = 15E48E5E1EFB73C100A7DDBF /* Main.storyboard */; };
		15E48E621EFB73C100A7DDBF /* Assets.xcassets in Resources */ = {isa = PBXBuildFile; fileRef = 15E48E611EFB73C100A7DDBF /* Assets.xcassets */; };
		15E48E651EFB73C100A7DDBF /* LaunchScreen.storyboard in Resources */ = {isa = PBXBuildFile; fileRef = 15E48E631EFB73C100A7DDBF /* LaunchScreen.storyboard */; };
/* End PBXBuildFile section */

/* Begin PBXFileReference section */
		15E48E571EFB73C100A7DDBF /* HelloMyCounter.app */ = {isa = PBXFileReference; explicitFileType = wrapper.application; includeInIndex = 0; path = HelloMyCounter.app; sourceTree = BUILT_PRODUCTS_DIR; };
		15E48E5A1EFB73C100A7DDBF /* AppDelegate.swift */ = {isa = PBXFileReference; lastKnownFileType = sourcecode.swift; path = AppDelegate.swift; sourceTree = "<group>"; };
		15E48E5C1EFB73C100A7DDBF /* ViewController.swift */ = {isa = PBXFileReference; lastKnownFileType = sourcecode.swift; path = ViewController.swift; sourceTree = "<group>"; };
		15E48E5F1EFB73C100A7DDBF /* Base */ = {isa = PBXFileReference; lastKnownFileType = file.storyboard; name = Base; path = Base.lproj/Main.storyboard; sourceTree = "<group>"; };
		15E48E611EFB73C100A7DDBF /* Assets.xcassets */ = {isa = PBXFileReference; lastKnownFileType = folder.assetcatalog; path = Assets.xcassets; sourceTree = "<group>"; };
		15E48E641EFB73C100A7DDBF /* Base */ = {isa = PBXFileReference; lastKnownFileType = file.storyboard; name = Base; path = Base.lproj/LaunchScreen.storyboard; sourceTree = "<group>"; };
		15E48E661EFB73C100A7DDBF /* Info.plist */ = {isa = PBXFileReference; lastKnownFileType = text.plist.xml; path = Info.plist; sourceTree = "<group>"; };
/* End PBXFileReference section */

/* Begin PBXFrameworksBuildPhase section */
		15E48E541EFB73C100A7DDBF /* Frameworks */ = {
			isa = PBXFrameworksBuildPhase;
			buildActionMask = 2147483647;
			files = (
			);
			runOnlyForDeploymentPostprocessing = 0;
		};
/* End PBXFrameworksBuildPhase section */

/* Begin PBXGroup section */
		15E48E4E1EFB73C100A7DDBF = {
			isa = PBXGroup;
			children = (
				15E48E591EFB73C100A7DDBF /* HelloMyCounter */,
				15E48E581EFB73C100A7DDBF /* Products */,
			);
			sourceTree = "<group>";
		};
		15E48E581EFB73C100A7DDBF /* Products */ = {
			isa = PBXGroup;
			children = (
				15E48E571EFB73C100A7DDBF /* HelloMyCounter.app */,
			);
			name = Products;
			sourceTree = "<group>";
		};
		15E48E591EFB73C100A7DDBF /* HelloMyCounter */ = {
			isa = PBXGroup;
			children = (
				15E48E5A1EFB73C100A7DDBF /* AppDelegate.swift */,
				15E48E5C1EFB73C100A7DDBF /* ViewController.swift */,
				15E48E5E1EFB73C100A7DDBF /* Main.storyboard */,
				15E48E611EFB73C100A7DDBF /* Assets.xcassets */,
				15E48E631EFB73C100A7DDBF /* LaunchScreen.storyboard */,
				15E48E661EFB73C100A7DDBF /* Info.plist */,
			);
			path = HelloMyCounter;
			sourceTree = "<group>";
		};
/* End PBXGroup section */

/* Begin PBXNativeTarget section */
		15E48E561EFB73C100A7DDBF /* HelloMyCounter */ = {
			isa = PBXNativeTarget;
			buildConfigurationList = 15E48E691EFB73C100A7DDBF /* Build configuration list for PBXNativeTarget "HelloMyCounter" */;
			buildPhases = (
				15E48E531EFB73C100A7DDBF /* Sources */,
				15E48E541EFB73C100A7DDBF /* Frameworks */,
				15E48E551EFB73C100A7DDBF /* Resources */,
			);
			buildRules = (
			);
			dependencies = (
			);
			name = HelloMyCounter;
			productName = HelloMyCounter;
			productReference = 15E48E571EFB73C100A7DDBF /* HelloMyCounter.app */;
			productType = "com.apple.product-type.application";
		};
/* End PBXNativeTarget section */

/* Begin PBXProject section */
		15E48E4F1EFB73C100A7DDBF /* Project object */ = {
			isa = PBXProject;
			attributes = {
				LastSwiftUpdateCheck = 0830;
				LastUpgradeCheck = 0830;
				ORGANIZATIONNAME = xuhaojun;
				TargetAttributes = {
					15E48E561EFB73C100A7DDBF = {
						CreatedOnToolsVersion = 8.3.2;
						ProvisioningStyle = Automatic;
					};
				};
			};
			buildConfigurationList = 15E48E521EFB73C100A7DDBF /* Build configuration list for PBXProject "HelloMyCounter" */;
			compatibilityVersion = "Xcode 3.2";
			developmentRegion = English;
			hasScannedForEncodings = 0;
			knownRegions = (
				en,
				Base,
			);
			mainGroup = 15E48E4E1EFB73C100A7DDBF;
			productRefGroup = 15E48E581EFB73C100A7DDBF /* Products */;
			projectDirPath = "";
			projectRoot = "";
			targets = (
				15E48E561EFB73C100A7DDBF /* HelloMyCounter */,
			);
		};
/* End PBXProject section */

/* Begin PBXResourcesBuildPhase section */
		15E48E551EFB73C100A7DDBF /* Resources */ = {
			isa = PBXResourcesBuildPhase;
			buildActionMask = 2147483647;
			files = (
				15E48E651EFB73C100A7DDBF /* LaunchScreen.storyboard in Resources */,
				15E48E621EFB73C100A7DDBF /* Assets.xcassets in Resources */,
				15E48E601EFB73C100A7DDBF /* Main.storyboard in Resources */,
			);
			runOnlyForDeploymentPostprocessing = 0;
		};
/* End PBXResourcesBuildPhase section */

/* Begin PBXSourcesBuildPhase section */
		15E48E531EFB73C100A7DDBF /* Sources */ = {
			isa = PBXSourcesBuildPhase;
			buildActionMask = 2147483647;
			files = (
				15E48E5D1EFB73C100A7DDBF /* ViewController.swift in Sources */,
				15E48E5B1EFB73C100A7DDBF /* AppDelegate.swift in Sources */,
			);
			runOnlyForDeploymentPostprocessing = 0;
		};
/* End PBXSourcesBuildPhase section */

/* Begin PBXVariantGroup section */
		15E48E5E1EFB73C100A7DDBF /* Main.storyboard */ = {
			isa = PBXVariantGroup;
			children = (
				15E48E5F1EFB73C100A7DDBF /* Base */,
			);
			name = Main.storyboard;
			sourceTree = "<group>";
		};
		15E48E631EFB73C100A7DDBF /* LaunchScreen.storyboard */ = {
			isa = PBXVariantGroup;
			children = (
				15E48E641EFB73C100A7DDBF /* Base */,
			);
			name = LaunchScreen.storyboard;
			sourceTree = "<group>";
		};
/* End PBXVariantGroup section */

/* Begin XCBuildConfiguration section */
		15E48E671EFB73C100A7DDBF /* Debug */ = {
			isa = XCBuildConfiguration;
			buildSettings = {
				ALWAYS_SEARCH_USER_PATHS = NO;
				CLANG_ANALYZER_NONNULL = YES;
				CLANG_ANALYZER_NUMBER_OBJECT_CONVERSION = YES_AGGRESSIVE;
				CLANG_CXX_LANGUAGE_STANDARD = "gnu++0x";
				CLANG_CXX_LIBRARY = "libc++";
				CLANG_ENABLE_MODULES = YES;
				CLANG_ENABLE_OBJC_ARC = YES;
				CLANG_WARN_BOOL_CONVERSION = YES;
				CLANG_WARN_CONSTANT_CONVERSION = YES;
				CLANG_WARN_DIRECT_OBJC_ISA_USAGE = YES_ERROR;
				CLANG_WARN_DOCUMENTATION_COMMENTS = YES;
				CLANG_WARN_EMPTY_BODY = YES;
				CLANG_WARN_ENUM_CONVERSION = YES;
				CLANG_WARN_INFINITE_RECURSION = YES;
				CLANG_WARN_INT_CONVERSION = YES;
				CLANG_WARN_OBJC_ROOT_CLASS = YES_ERROR;
				CLANG_WARN_SUSPICIOUS_MOVE = YES;
				CLANG_WARN_UNREACHABLE_CODE = YES;
				CLANG_WARN__DUPLICATE_METHOD_MATCH = YES;
				"CODE_SIGN_IDENTITY[sdk=iphoneos*]" = "iPhone Developer";
				COPY_PHASE_STRIP = NO;
				DEBUG_INFORMATION_FORMAT = dwarf;
				ENABLE_STRICT_OBJC_MSGSEND = YES;
				ENABLE_TESTABILITY = YES;
				GCC_C_LANGUAGE_STANDARD = gnu99;
				GCC_DYNAMIC_NO_PIC = NO;
				GCC_NO_COMMON_BLOCKS = YES;
				GCC_OPTIMIZATION_LEVEL = 0;
				GCC_PREPROCESSOR_DEFINITIONS = (
					"DEBUG=1",
					"$(inherited)",
				);
				GCC_WARN_64_TO_32_BIT_CONVERSION = YES;
				GCC_WARN_ABOUT_RETURN_TYPE = YES_ERROR;
				GCC_WARN_UNDECLARED_SELECTOR = YES;
				GCC_WARN_UNINITIALIZED_AUTOS = YES_AGGRESSIVE;
				GCC_WARN_UNUSED_FUNCTION = YES;
				GCC_WARN_UNUSED_VARIABLE = YES;
				IPHONEOS_DEPLOYMENT_TARGET = 10.3;
				MTL_ENABLE_DEBUG_INFO = YES;
				ONLY_ACTIVE_ARCH = YES;
				SDKROOT = iphoneos;
				SWIFT_ACTIVE_COMPILATION_CONDITIONS = DEBUG;
				SWIFT_OPTIMIZATION_LEVEL = "-Onone";
				TARGETED_DEVICE_FAMILY = "1,2";
			};
			name = Debug;
		};
		15E48E681EFB73C100A7DDBF /* Release */ = {
			isa = XCBuildConfiguration;
			buildSettings = {
				ALWAYS_SEARCH_USER_PATHS = NO;
				CLANG_ANALYZER_NONNULL = YES;
				CLANG_ANALYZER_NUMBER_OBJECT_CONVERSION = YES_AGGRESSIVE;
				CLANG_CXX_LANGUAGE_STANDARD = "gnu++0x";
				CLANG_CXX_LIBRARY = "libc++";
				CLANG_ENABLE_MODULES = YES;
				CLANG_ENABLE_OBJC_ARC = YES;
				CLANG_WARN_BOOL_CONVERSION = YES;
				CLANG_WARN_CONSTANT_CONVERSION = YES;
				CLANG_WARN_DIRECT_OBJC_ISA_USAGE = YES_ERROR;
				CLANG_WARN_DOCUMENTATION_COMMENTS = YES;
				CLANG_WARN_EMPTY_BODY = YES;
				CLANG_WARN_ENUM_CONVERSION = YES;
				CLANG_WARN_INFINITE_RECURSION = YES;
				CLANG_WARN_INT_CONVERSION = YES;
				CLANG_WARN_OBJC_ROOT_CLASS = YES_ERROR;
				CLANG_WARN_SUSPICIOUS_MOVE = YES;
				CLANG_WARN_UNREACHABLE_CODE = YES;
				CLANG_WARN__DUPLICATE_METHOD_MATCH = YES;
				"CODE_SIGN_IDENTITY[sdk=iphoneos*]" = "iPhone Developer";
				COPY_PHASE_STRIP = NO;
				DEBUG_INFORMATION_FORMAT = "dwarf-with-dsym";
				ENABLE_NS_ASSERTIONS = NO;
				ENABLE_STRICT_OBJC_MSGSEND = YES;
				GCC_C_LANGUAGE_STANDARD = gnu99;
				GCC_NO_COMMON_BLOCKS = YES;
				GCC_WARN_64_TO_32_BIT_CONVERSION = YES;
				GCC_WARN_ABOUT_RETURN_TYPE = YES_ERROR;
				GCC_WARN_UNDECLARED_SELECTOR = YES;
				GCC_WARN_UNINITIALIZED_AUTOS = YES_AGGRESSIVE;
				GCC_WARN_UNUSED_FUNCTION = YES;
				GCC_WARN_UNUSED_VARIABLE = YES;
				IPHONEOS_DEPLOYMENT_TARGET = 10.3;
				MTL_ENABLE_DEBUG_INFO = NO;
				SDKROOT = iphoneos;
				SWIFT_OPTIMIZATION_LEVEL = "-Owholemodule";
				TARGETED_DEVICE_FAMILY = "1,2";
				VALIDATE_PRODUCT = YES;
			};
			name = Release;
		};
		15E48E6A1EFB73C100A7DDBF /* Debug */ = {
			isa = XCBuildConfiguration;
			buildSettings = {
				ASSETCATALOG_COMPILER_APPICON_NAME = AppIcon;
				INFOPLIST_FILE = HelloMyCounter/Info.plist;
				LD_RUNPATH_SEARCH_PATHS = "$(inherited) @executable_path/Frameworks";
				PRODUCT_BUNDLE_IDENTIFIER = com.fguai.HelloMyCounter;
				PRODUCT_NAME = "$(TARGET_NAME)";
				SWIFT_VERSION = 3.0;
			};
			name = Debug;
		};
		15E48E6B1EFB73C100A7DDBF /* Release */ = {
			isa = XCBuildConfiguration;
			buildSettings = {
				ASSETCATALOG_COMPILER_APPICON_NAME = AppIcon;
				INFOPLIST_FILE = HelloMyCounter/Info.plist;
				LD_RUNPATH_SEARCH_PATHS = "$(inherited) @executable_path/Frameworks";
				PRODUCT_BUNDLE_IDENTIFIER = com.fguai.HelloMyCounter;
				PRODUCT_NAME = "$(TARGET_NAME)";
				SWIFT_VERSION = 3.0;
			};
			name = Release;
		};
/* End XCBuildConfiguration section */

/* Begin XCConfigurationList section */
		15E48E521EFB73C100A7DDBF /* Build configuration list for PBXProject "HelloMyCounter" */ = {
			isa = XCConfigurationList;
			buildConfigurations = (
				15E48E671EFB73C100A7DDBF /* Debug */,
				15E48E681EFB73C100A7DDBF /* Release */,
			);
			defaultConfigurationIsVisible = 0;
			defaultConfigurationName = Release;
		};
		15E48E691EFB73C100A7DDBF /* Build configuration list for PBXNativeTarget "HelloMyCounter" */ = {
			isa = XCConfigurationList;
			buildConfigurations = (
				15E48E6A1EFB73C100A7DDBF /* Debug */,
				15E48E6B1EFB73C100A7DDBF /* Release */,
			);
			defaultConfigurationIsVisible = 0;
		};
/* End XCConfigurationList section */
	};
	rootObject = 15E48E4F1EFB73C100A7DDBF /* Project object */;
}
